
Microsoft Visual Studio Solution File, Format Version 12.00
# Visual Studio Version 17
VisualStudioVersion = 17.5.002.0
MinimumVisualStudioVersion = 10.0.40219.1
Project("{9A19103F-16F7-4668-BE54-9A1E7A4F7556}") = "HolmesglenStudentManagementSystem", "HolmesglenStudentManagementSystem.csproj", "{E4F1AB06-E305-4220-8A06-757987A1892D}"
EndProject
Global
	GlobalSection(SolutionConfigurationPlatforms) = preSolution
		Debug|Any CPU = Debug|Any CPU
		Release|Any CPU = Release|Any CPU
	EndGlobalSection
	GlobalSection(ProjectConfigurationPlatforms) = postSolution
		{E4F1AB06-E305-4220-8A06-757987A1892D}.Debug|Any CPU.ActiveCfg = Debug|Any CPU
		{E4F1AB06-E305-4220-8A06-757987A1892D}.Debug|Any CPU.Build.0 = Debug|Any CPU
		{E4F1AB06-E305-4220-8A06-757987A1892D}.Release|Any CPU.ActiveCfg = Release|Any CPU
		{E4F1AB06-E305-4220-8A06-757987A1892D}.Release|Any CPU.Build.0 = Release|Any CPU
	EndGlobalSection
	GlobalSection(SolutionProperties) = preSolution
		HideSolutionNode = FALSE
	EndGlobalSection
	GlobalSection(ExtensibilityGlobals) = postSolution
		SolutionGuid = {07DA985E-AE15-48E2-89FA-FC5DA1859427}
	EndGlobalSection
EndGlobal
